
Microsoft Visual Studio Solution File, Format Version 12.00
# Visual Studio 14
VisualStudioVersion = 14.0.25420.1
MinimumVisualStudioVersion = 10.0.40219.1
Project("{FAE04EC0-301F-11D3-BF4B-00C04F79EFBC}") = "MenJinService", "MenJinService\MenJinService.csproj", "{C2F507A7-2FA1-44A7-9524-573789EA533A}"
EndProject
Project("{FAE04EC0-301F-11D3-BF4B-00C04F79EFBC}") = "MenJinWinForm", "MenJinWinForm\MenJinWinForm.csproj", "{F71CB5DC-ACE8-4A7E-9C94-405D9192FF7A}"
EndProject
Global
	GlobalSection(SolutionConfigurationPlatforms) = preSolution
		Debug|Any CPU = Debug|Any CPU
		Release|Any CPU = Release|Any CPU
	EndGlobalSection
	GlobalSection(ProjectConfigurationPlatforms) = postSolution
		{C2F507A7-2FA1-44A7-9524-573789EA533A}.Debug|Any CPU.ActiveCfg = Debug|Any CPU
		{C2F507A7-2FA1-44A7-9524-573789EA533A}.Debug|Any CPU.Build.0 = Debug|Any CPU
		{C2F507A7-2FA1-44A7-9524-573789EA533A}.Release|Any CPU.ActiveCfg = Release|Any CPU
		{C2F507A7-2FA1-44A7-9524-573789EA533A}.Release|Any CPU.Build.0 = Release|Any CPU
		{F71CB5DC-ACE8-4A7E-9C94-405D9192FF7A}.Debug|Any CPU.ActiveCfg = Debug|Any CPU
		{F71CB5DC-ACE8-4A7E-9C94-405D9192FF7A}.Debug|Any CPU.Build.0 = Debug|Any CPU
		{F71CB5DC-ACE8-4A7E-9C94-405D9192FF7A}.Release|Any CPU.ActiveCfg = Release|Any CPU
		{F71CB5DC-ACE8-4A7E-9C94-405D9192FF7A}.Release|Any CPU.Build.0 = Release|Any CPU
	EndGlobalSection
	GlobalSection(SolutionProperties) = preSolution
		HideSolutionNode = FALSE
	EndGlobalSection
EndGlobal
